
Microsoft Visual Studio Solution File, Format Version 12.00
# Visual Studio Version 17
VisualStudioVersion = 17.9.34723.18
MinimumVisualStudioVersion = 10.0.40219.1
Project("{FAE04EC0-301F-11D3-BF4B-00C04F79EFBC}") = "Purple Buz", "Purple Buz\Purple Buz.csproj", "{28C167D1-A291-4E43-A0F6-01F8672BDED1}"
EndProject
Global
	GlobalSection(SolutionConfigurationPlatforms) = preSolution
		Debug|Any CPU = Debug|Any CPU
		Release|Any CPU = Release|Any CPU
	EndGlobalSection
	GlobalSection(ProjectConfigurationPlatforms) = postSolution
		{28C167D1-A291-4E43-A0F6-01F8672BDED1}.Debug|Any CPU.ActiveCfg = Debug|Any CPU
		{28C167D1-A291-4E43-A0F6-01F8672BDED1}.Debug|Any CPU.Build.0 = Debug|Any CPU
		{28C167D1-A291-4E43-A0F6-01F8672BDED1}.Release|Any CPU.ActiveCfg = Release|Any CPU
		{28C167D1-A291-4E43-A0F6-01F8672BDED1}.Release|Any CPU.Build.0 = Release|Any CPU
	EndGlobalSection
	GlobalSection(SolutionProperties) = preSolution
		HideSolutionNode = FALSE
	EndGlobalSection
	GlobalSection(ExtensibilityGlobals) = postSolution
		SolutionGuid = {5E7B2EFA-FB82-4F36-A0DA-769F6198451F}
	EndGlobalSection
EndGlobal
